// !$*UTF8*$!
{
	archiveVersion = 1;
	classes = {
	};
	objectVersion = 50;
	objects = {

/* Begin PBXBuildFile section */
		D33A94B42213295D00EF1907 /* AppDelegate.swift in Sources */ = {isa = PBXBuildFile; fileRef = D33A94B32213295D00EF1907 /* AppDelegate.swift */; };
		D33A94B62213295D00EF1907 /* ViewController.swift in Sources */ = {isa = PBXBuildFile; fileRef = D33A94B52213295D00EF1907 /* ViewController.swift */; };
		D33A94B92213295D00EF1907 /* Main.storyboard in Resources */ = {isa = PBXBuildFile; fileRef = D33A94B72213295D00EF1907 /* Main.storyboard */; };
		D33A94BE2213295E00EF1907 /* Assets.xcassets in Resources */ = {isa = PBXBuildFile; fileRef = D33A94BD2213295E00EF1907 /* Assets.xcassets */; };
		D33A94C12213295E00EF1907 /* LaunchScreen.storyboard in Resources */ = {isa = PBXBuildFile; fileRef = D33A94BF2213295E00EF1907 /* LaunchScreen.storyboard */; };
		D3ECE9C2221C0F570009664A /* SetGameDelegate.swift in Sources */ = {isa = PBXBuildFile; fileRef = D3ECE9C1221C0F570009664A /* SetGameDelegate.swift */; };
		D3F10CD52215539E001623E4 /* Card.swift in Sources */ = {isa = PBXBuildFile; fileRef = D3F10CD32215539D001623E4 /* Card.swift */; };
		D3F10CD62215539E001623E4 /* SetGame.swift in Sources */ = {isa = PBXBuildFile; fileRef = D3F10CD42215539E001623E4 /* SetGame.swift */; };
		D3F10CDE22155430001623E4 /* project_2_Set_GameTests.swift in Sources */ = {isa = PBXBuildFile; fileRef = D3F10CDD22155430001623E4 /* project_2_Set_GameTests.swift */; };
		D3F10CE62219CC6C001623E4 /* OpponentState.swift in Sources */ = {isa = PBXBuildFile; fileRef = D3F10CE52219CC6C001623E4 /* OpponentState.swift */; };
		D3F10CE8221AD3E6001623E4 /* Fill.swift in Sources */ = {isa = PBXBuildFile; fileRef = D3F10CE7221AD3E6001623E4 /* Fill.swift */; };
/* End PBXBuildFile section */

/* Begin PBXContainerItemProxy section */
		D3F10CE022155431001623E4 /* PBXContainerItemProxy */ = {
			isa = PBXContainerItemProxy;
			containerPortal = D33A94A82213295D00EF1907 /* Project object */;
			proxyType = 1;
			remoteGlobalIDString = D33A94AF2213295D00EF1907;
			remoteInfo = "project-2-Set-Game";
		};
/* End PBXContainerItemProxy section */

/* Begin PBXFileReference section */
		D33A94B02213295D00EF1907 /* SetGame.app */ = {isa = PBXFileReference; explicitFileType = wrapper.application; includeInIndex = 0; path = SetGame.app; sourceTree = BUILT_PRODUCTS_DIR; };
		D33A94B32213295D00EF1907 /* AppDelegate.swift */ = {isa = PBXFileReference; lastKnownFileType = sourcecode.swift; path = AppDelegate.swift; sourceTree = "<group>"; };
		D33A94B52213295D00EF1907 /* ViewController.swift */ = {isa = PBXFileReference; lastKnownFileType = sourcecode.swift; path = ViewController.swift; sourceTree = "<group>"; };
		D33A94B82213295D00EF1907 /* Base */ = {isa = PBXFileReference; lastKnownFileType = file.storyboard; name = Base; path = Base.lproj/Main.storyboard; sourceTree = "<group>"; };
		D33A94BD2213295E00EF1907 /* Assets.xcassets */ = {isa = PBXFileReference; lastKnownFileType = folder.assetcatalog; path = Assets.xcassets; sourceTree = "<group>"; };
		D33A94C02213295E00EF1907 /* Base */ = {isa = PBXFileReference; lastKnownFileType = file.storyboard; name = Base; path = Base.lproj/LaunchScreen.storyboard; sourceTree = "<group>"; };
		D33A94C22213295E00EF1907 /* Info.plist */ = {isa = PBXFileReference; lastKnownFileType = text.plist.xml; path = Info.plist; sourceTree = "<group>"; };
		D3ECE9C1221C0F570009664A /* SetGameDelegate.swift */ = {isa = PBXFileReference; lastKnownFileType = sourcecode.swift; path = SetGameDelegate.swift; sourceTree = "<group>"; };
		D3F10CD32215539D001623E4 /* Card.swift */ = {isa = PBXFileReference; fileEncoding = 4; lastKnownFileType = sourcecode.swift; path = Card.swift; sourceTree = "<group>"; };
		D3F10CD42215539E001623E4 /* SetGame.swift */ = {isa = PBXFileReference; fileEncoding = 4; lastKnownFileType = sourcecode.swift; path = SetGame.swift; sourceTree = "<group>"; };
		D3F10CDB22155430001623E4 /* project-2-Set-GameTests.xctest */ = {isa = PBXFileReference; explicitFileType = wrapper.cfbundle; includeInIndex = 0; path = "project-2-Set-GameTests.xctest"; sourceTree = BUILT_PRODUCTS_DIR; };
		D3F10CDD22155430001623E4 /* project_2_Set_GameTests.swift */ = {isa = PBXFileReference; lastKnownFileType = sourcecode.swift; path = project_2_Set_GameTests.swift; sourceTree = "<group>"; };
		D3F10CDF22155431001623E4 /* Info.plist */ = {isa = PBXFileReference; lastKnownFileType = text.plist.xml; path = Info.plist; sourceTree = "<group>"; };
		D3F10CE52219CC6C001623E4 /* OpponentState.swift */ = {isa = PBXFileReference; lastKnownFileType = sourcecode.swift; path = OpponentState.swift; sourceTree = "<group>"; };
		D3F10CE7221AD3E6001623E4 /* Fill.swift */ = {isa = PBXFileReference; lastKnownFileType = sourcecode.swift; path = Fill.swift; sourceTree = "<group>"; };
/* End PBXFileReference section */

/* Begin PBXFrameworksBuildPhase section */
		D33A94AD2213295D00EF1907 /* Frameworks */ = {
			isa = PBXFrameworksBuildPhase;
			buildActionMask = 2147483647;
			files = (
			);
			runOnlyForDeploymentPostprocessing = 0;
		};
		D3F10CD822155430001623E4 /* Frameworks */ = {
			isa = PBXFrameworksBuildPhase;
			buildActionMask = 2147483647;
			files = (
			);
			runOnlyForDeploymentPostprocessing = 0;
		};
/* End PBXFrameworksBuildPhase section */

/* Begin PBXGroup section */
		D33A94A72213295D00EF1907 = {
			isa = PBXGroup;
			children = (
				D33A94B22213295D00EF1907 /* project-2-Set-Game */,
				D3F10CDC22155430001623E4 /* project-2-Set-GameTests */,
				D33A94B12213295D00EF1907 /* Products */,
			);
			sourceTree = "<group>";
		};
		D33A94B12213295D00EF1907 /* Products */ = {
			isa = PBXGroup;
			children = (
				D33A94B02213295D00EF1907 /* SetGame.app */,
				D3F10CDB22155430001623E4 /* project-2-Set-GameTests.xctest */,
			);
			name = Products;
			sourceTree = "<group>";
		};
		D33A94B22213295D00EF1907 /* project-2-Set-Game */ = {
			isa = PBXGroup;
			children = (
				D33A94C82213299300EF1907 /* Supporting Files */,
				D33A94B52213295D00EF1907 /* ViewController.swift */,
				D3F10CE7221AD3E6001623E4 /* Fill.swift */,
				D3F10CD42215539E001623E4 /* SetGame.swift */,
				D3ECE9C1221C0F570009664A /* SetGameDelegate.swift */,
				D3F10CD32215539D001623E4 /* Card.swift */,
				D3F10CE52219CC6C001623E4 /* OpponentState.swift */,
				D33A94B72213295D00EF1907 /* Main.storyboard */,
				D33A94C22213295E00EF1907 /* Info.plist */,
			);
			path = "project-2-Set-Game";
			sourceTree = "<group>";
		};
		D33A94C82213299300EF1907 /* Supporting Files */ = {
			isa = PBXGroup;
			children = (
				D33A94B32213295D00EF1907 /* AppDelegate.swift */,
				D33A94BD2213295E00EF1907 /* Assets.xcassets */,
				D33A94BF2213295E00EF1907 /* LaunchScreen.storyboard */,
			);
			path = "Supporting Files";
			sourceTree = "<group>";
		};
		D3F10CDC22155430001623E4 /* project-2-Set-GameTests */ = {
			isa = PBXGroup;
			children = (
				D3F10CDD22155430001623E4 /* project_2_Set_GameTests.swift */,
				D3F10CDF22155431001623E4 /* Info.plist */,
			);
			path = "project-2-Set-GameTests";
			sourceTree = "<group>";
		};
/* End PBXGroup section */

/* Begin PBXNativeTarget section */
		D33A94AF2213295D00EF1907 /* SetGame */ = {
			isa = PBXNativeTarget;
			buildConfigurationList = D33A94C52213295E00EF1907 /* Build configuration list for PBXNativeTarget "SetGame" */;
			buildPhases = (
				D33A94AC2213295D00EF1907 /* Sources */,
				D33A94AD2213295D00EF1907 /* Frameworks */,
				D33A94AE2213295D00EF1907 /* Resources */,
			);
			buildRules = (
			);
			dependencies = (
			);
			name = SetGame;
			productName = "project-2-Set-Game";
			productReference = D33A94B02213295D00EF1907 /* SetGame.app */;
			productType = "com.apple.product-type.application";
		};
		D3F10CDA22155430001623E4 /* project-2-Set-GameTests */ = {
			isa = PBXNativeTarget;
			buildConfigurationList = D3F10CE222155431001623E4 /* Build configuration list for PBXNativeTarget "project-2-Set-GameTests" */;
			buildPhases = (
				D3F10CD722155430001623E4 /* Sources */,
				D3F10CD822155430001623E4 /* Frameworks */,
				D3F10CD922155430001623E4 /* Resources */,
			);
			buildRules = (
			);
			dependencies = (
				D3F10CE122155431001623E4 /* PBXTargetDependency */,
			);
			name = "project-2-Set-GameTests";
			productName = "project-2-Set-GameTests";
			productReference = D3F10CDB22155430001623E4 /* project-2-Set-GameTests.xctest */;
			productType = "com.apple.product-type.bundle.unit-test";
		};
/* End PBXNativeTarget section */

/* Begin PBXProject section */
		D33A94A82213295D00EF1907 /* Project object */ = {
			isa = PBXProject;
			attributes = {
				LastSwiftUpdateCheck = 1010;
				LastUpgradeCheck = 1010;
				ORGANIZATIONNAME = "Tomer Kobrinsky";
				TargetAttributes = {
					D33A94AF2213295D00EF1907 = {
						CreatedOnToolsVersion = 10.1;
					};
					D3F10CDA22155430001623E4 = {
						CreatedOnToolsVersion = 10.1;
						TestTargetID = D33A94AF2213295D00EF1907;
					};
				};
			};
			buildConfigurationList = D33A94AB2213295D00EF1907 /* Build configuration list for PBXProject "project-2-Set-Game" */;
			compatibilityVersion = "Xcode 9.3";
			developmentRegion = en;
			hasScannedForEncodings = 0;
			knownRegions = (
				en,
				Base,
			);
			mainGroup = D33A94A72213295D00EF1907;
			productRefGroup = D33A94B12213295D00EF1907 /* Products */;
			projectDirPath = "";
			projectRoot = "";
			targets = (
				D33A94AF2213295D00EF1907 /* SetGame */,
				D3F10CDA22155430001623E4 /* project-2-Set-GameTests */,
			);
		};
/* End PBXProject section */

/* Begin PBXResourcesBuildPhase section */
		D33A94AE2213295D00EF1907 /* Resources */ = {
			isa = PBXResourcesBuildPhase;
			buildActionMask = 2147483647;
			files = (
				D33A94C12213295E00EF1907 /* LaunchScreen.storyboard in Resources */,
				D33A94BE2213295E00EF1907 /* Assets.xcassets in Resources */,
				D33A94B92213295D00EF1907 /* Main.storyboard in Resources */,
			);
			runOnlyForDeploymentPostprocessing = 0;
		};
		D3F10CD922155430001623E4 /* Resources */ = {
			isa = PBXResourcesBuildPhase;
			buildActionMask = 2147483647;
			files = (
			);
			runOnlyForDeploymentPostprocessing = 0;
		};
/* End PBXResourcesBuildPhase section */

/* Begin PBXSourcesBuildPhase section */
		D33A94AC2213295D00EF1907 /* Sources */ = {
			isa = PBXSourcesBuildPhase;
			buildActionMask = 2147483647;
			files = (
				D3ECE9C2221C0F570009664A /* SetGameDelegate.swift in Sources */,
				D33A94B62213295D00EF1907 /* ViewController.swift in Sources */,
				D3F10CD62215539E001623E4 /* SetGame.swift in Sources */,
				D33A94B42213295D00EF1907 /* AppDelegate.swift in Sources */,
				D3F10CD52215539E001623E4 /* Card.swift in Sources */,
				D3F10CE8221AD3E6001623E4 /* Fill.swift in Sources */,
				D3F10CE62219CC6C001623E4 /* OpponentState.swift in Sources */,
			);
			runOnlyForDeploymentPostprocessing = 0;
		};
		D3F10CD722155430001623E4 /* Sources */ = {
			isa = PBXSourcesBuildPhase;
			buildActionMask = 2147483647;
			files = (
				D3F10CDE22155430001623E4 /* project_2_Set_GameTests.swift in Sources */,
			);
			runOnlyForDeploymentPostprocessing = 0;
		};
/* End PBXSourcesBuildPhase section */

/* Begin PBXTargetDependency section */
		D3F10CE122155431001623E4 /* PBXTargetDependency */ = {
			isa = PBXTargetDependency;
			target = D33A94AF2213295D00EF1907 /* SetGame */;
			targetProxy = D3F10CE022155431001623E4 /* PBXContainerItemProxy */;
		};
/* End PBXTargetDependency section */

/* Begin PBXVariantGroup section */
		D33A94B72213295D00EF1907 /* Main.storyboard */ = {
			isa = PBXVariantGroup;
			children = (
				D33A94B82213295D00EF1907 /* Base */,
			);
			name = Main.storyboard;
			sourceTree = "<group>";
		};
		D33A94BF2213295E00EF1907 /* LaunchScreen.storyboard */ = {
			isa = PBXVariantGroup;
			children = (
				D33A94C02213295E00EF1907 /* Base */,
			);
			name = LaunchScreen.storyboard;
			sourceTree = "<group>";
		};
/* End PBXVariantGroup section */

/* Begin XCBuildConfiguration section */
		D33A94C32213295E00EF1907 /* Debug */ = {
			isa = XCBuildConfiguration;
			buildSettings = {
				ALWAYS_SEARCH_USER_PATHS = NO;
				CLANG_ANALYZER_NONNULL = YES;
				CLANG_ANALYZER_NUMBER_OBJECT_CONVERSION = YES_AGGRESSIVE;
				CLANG_CXX_LANGUAGE_STANDARD = "gnu++14";
				CLANG_CXX_LIBRARY = "libc++";
				CLANG_ENABLE_MODULES = YES;
				CLANG_ENABLE_OBJC_ARC = YES;
				CLANG_ENABLE_OBJC_WEAK = YES;
				CLANG_WARN_BLOCK_CAPTURE_AUTORELEASING = YES;
				CLANG_WARN_BOOL_CONVERSION = YES;
				CLANG_WARN_COMMA = YES;
				CLANG_WARN_CONSTANT_CONVERSION = YES;
				CLANG_WARN_DEPRECATED_OBJC_IMPLEMENTATIONS = YES;
				CLANG_WARN_DIRECT_OBJC_ISA_USAGE = YES_ERROR;
				CLANG_WARN_DOCUMENTATION_COMMENTS = YES;
				CLANG_WARN_EMPTY_BODY = YES;
				CLANG_WARN_ENUM_CONVERSION = YES;
				CLANG_WARN_INFINITE_RECURSION = YES;
				CLANG_WARN_INT_CONVERSION = YES;
				CLANG_WARN_NON_LITERAL_NULL_CONVERSION = YES;
				CLANG_WARN_OBJC_IMPLICIT_RETAIN_SELF = YES;
				CLANG_WARN_OBJC_LITERAL_CONVERSION = YES;
				CLANG_WARN_OBJC_ROOT_CLASS = YES_ERROR;
				CLANG_WARN_RANGE_LOOP_ANALYSIS = YES;
				CLANG_WARN_STRICT_PROTOTYPES = YES;
				CLANG_WARN_SUSPICIOUS_MOVE = YES;
				CLANG_WARN_UNGUARDED_AVAILABILITY = YES_AGGRESSIVE;
				CLANG_WARN_UNREACHABLE_CODE = YES;
				CLANG_WARN__DUPLICATE_METHOD_MATCH = YES;
				CODE_SIGN_IDENTITY = "iPhone Developer";
				COPY_PHASE_STRIP = NO;
				DEBUG_INFORMATION_FORMAT = dwarf;
				ENABLE_STRICT_OBJC_MSGSEND = YES;
				ENABLE_TESTABILITY = YES;
				GCC_C_LANGUAGE_STANDARD = gnu11;
				GCC_DYNAMIC_NO_PIC = NO;
				GCC_NO_COMMON_BLOCKS = YES;
				GCC_OPTIMIZATION_LEVEL = 0;
				GCC_PREPROCESSOR_DEFINITIONS = (
					"DEBUG=1",
					"$(inherited)",
				);
				GCC_WARN_64_TO_32_BIT_CONVERSION = YES;
				GCC_WARN_ABOUT_RETURN_TYPE = YES_ERROR;
				GCC_WARN_UNDECLARED_SELECTOR = YES;
				GCC_WARN_UNINITIALIZED_AUTOS = YES_AGGRESSIVE;
				GCC_WARN_UNUSED_FUNCTION = YES;
				GCC_WARN_UNUSED_VARIABLE = YES;
				IPHONEOS_DEPLOYMENT_TARGET = 12.1;
				MTL_ENABLE_DEBUG_INFO = INCLUDE_SOURCE;
				MTL_FAST_MATH = YES;
				ONLY_ACTIVE_ARCH = YES;
				SDKROOT = iphoneos;
				SWIFT_ACTIVE_COMPILATION_CONDITIONS = DEBUG;
				SWIFT_OPTIMIZATION_LEVEL = "-Onone";
			};
			name = Debug;
		};
		D33A94C42213295E00EF1907 /* Release */ = {
			isa = XCBuildConfiguration;
			buildSettings = {
				ALWAYS_SEARCH_USER_PATHS = NO;
				CLANG_ANALYZER_NONNULL = YES;
				CLANG_ANALYZER_NUMBER_OBJECT_CONVERSION = YES_AGGRESSIVE;
				CLANG_CXX_LANGUAGE_STANDARD = "gnu++14";
				CLANG_CXX_LIBRARY = "libc++";
				CLANG_ENABLE_MODULES = YES;
				CLANG_ENABLE_OBJC_ARC = YES;
				CLANG_ENABLE_OBJC_WEAK = YES;
				CLANG_WARN_BLOCK_CAPTURE_AUTORELEASING = YES;
				CLANG_WARN_BOOL_CONVERSION = YES;
				CLANG_WARN_COMMA = YES;
				CLANG_WARN_CONSTANT_CONVERSION = YES;
				CLANG_WARN_DEPRECATED_OBJC_IMPLEMENTATIONS = YES;
				CLANG_WARN_DIRECT_OBJC_ISA_USAGE = YES_ERROR;
				CLANG_WARN_DOCUMENTATION_COMMENTS = YES;
				CLANG_WARN_EMPTY_BODY = YES;
				CLANG_WARN_ENUM_CONVERSION = YES;
				CLANG_WARN_INFINITE_RECURSION = YES;
				CLANG_WARN_INT_CONVERSION = YES;
				CLANG_WARN_NON_LITERAL_NULL_CONVERSION = YES;
				CLANG_WARN_OBJC_IMPLICIT_RETAIN_SELF = YES;
				CLANG_WARN_OBJC_LITERAL_CONVERSION = YES;
				CLANG_WARN_OBJC_ROOT_CLASS = YES_ERROR;
				CLANG_WARN_RANGE_LOOP_ANALYSIS = YES;
				CLANG_WARN_STRICT_PROTOTYPES = YES;
				CLANG_WARN_SUSPICIOUS_MOVE = YES;
				CLANG_WARN_UNGUARDED_AVAILABILITY = YES_AGGRESSIVE;
				CLANG_WARN_UNREACHABLE_CODE = YES;
				CLANG_WARN__DUPLICATE_METHOD_MATCH = YES;
				CODE_SIGN_IDENTITY = "iPhone Developer";
				COPY_PHASE_STRIP = NO;
				DEBUG_INFORMATION_FORMAT = "dwarf-with-dsym";
				ENABLE_NS_ASSERTIONS = NO;
				ENABLE_STRICT_OBJC_MSGSEND = YES;
				GCC_C_LANGUAGE_STANDARD = gnu11;
				GCC_NO_COMMON_BLOCKS = YES;
				GCC_WARN_64_TO_32_BIT_CONVERSION = YES;
				GCC_WARN_ABOUT_RETURN_TYPE = YES_ERROR;
				GCC_WARN_UNDECLARED_SELECTOR = YES;
				GCC_WARN_UNINITIALIZED_AUTOS = YES_AGGRESSIVE;
				GCC_WARN_UNUSED_FUNCTION = YES;
				GCC_WARN_UNUSED_VARIABLE = YES;
				IPHONEOS_DEPLOYMENT_TARGET = 12.1;
				MTL_ENABLE_DEBUG_INFO = NO;
				MTL_FAST_MATH = YES;
				SDKROOT = iphoneos;
				SWIFT_COMPILATION_MODE = wholemodule;
				SWIFT_OPTIMIZATION_LEVEL = "-O";
				VALIDATE_PRODUCT = YES;
			};
			name = Release;
		};
		D33A94C62213295E00EF1907 /* Debug */ = {
			isa = XCBuildConfiguration;
			buildSettings = {
				ASSETCATALOG_COMPILER_APPICON_NAME = AppIcon;
				CODE_SIGN_STYLE = Automatic;
				DEVELOPMENT_TEAM = 885YV2LZDD;
				INFOPLIST_FILE = "project-2-Set-Game/Info.plist";
				LD_RUNPATH_SEARCH_PATHS = (
					"$(inherited)",
					"@executable_path/Frameworks",
				);
				PRODUCT_BUNDLE_IDENTIFIER = "training.project-2-Set-Game";
				PRODUCT_NAME = "$(TARGET_NAME)";
				SWIFT_VERSION = 4.2;
				TARGETED_DEVICE_FAMILY = "1,2";
			};
			name = Debug;
		};
		D33A94C72213295E00EF1907 /* Release */ = {
			isa = XCBuildConfiguration;
			buildSettings = {
				ASSETCATALOG_COMPILER_APPICON_NAME = AppIcon;
				CODE_SIGN_STYLE = Automatic;
				DEVELOPMENT_TEAM = 885YV2LZDD;
				INFOPLIST_FILE = "project-2-Set-Game/Info.plist";
				LD_RUNPATH_SEARCH_PATHS = (
					"$(inherited)",
					"@executable_path/Frameworks",
				);
				PRODUCT_BUNDLE_IDENTIFIER = "training.project-2-Set-Game";
				PRODUCT_NAME = "$(TARGET_NAME)";
				SWIFT_VERSION = 4.2;
				TARGETED_DEVICE_FAMILY = "1,2";
			};
			name = Release;
		};
		D3F10CE322155431001623E4 /* Debug */ = {
			isa = XCBuildConfiguration;
			buildSettings = {
				BUNDLE_LOADER = "$(TEST_HOST)";
				CODE_SIGN_STYLE = Automatic;
				DEVELOPMENT_TEAM = 885YV2LZDD;
				INFOPLIST_FILE = "project-2-Set-GameTests/Info.plist";
				LD_RUNPATH_SEARCH_PATHS = (
					"$(inherited)",
					"@executable_path/Frameworks",
					"@loader_path/Frameworks",
				);
				PRODUCT_BUNDLE_IDENTIFIER = "training.project-2-Set-GameTests";
				PRODUCT_NAME = "$(TARGET_NAME)";
				SWIFT_VERSION = 4.2;
				TARGETED_DEVICE_FAMILY = "1,2";
				TEST_HOST = "$(BUILT_PRODUCTS_DIR)/SetGame.app/SetGame";
			};
			name = Debug;
		};
		D3F10CE422155431001623E4 /* Release */ = {
			isa = XCBuildConfiguration;
			buildSettings = {
				BUNDLE_LOADER = "$(TEST_HOST)";
				CODE_SIGN_STYLE = Automatic;
				DEVELOPMENT_TEAM = 885YV2LZDD;
				INFOPLIST_FILE = "project-2-Set-GameTests/Info.plist";
				LD_RUNPATH_SEARCH_PATHS = (
					"$(inherited)",
					"@executable_path/Frameworks",
					"@loader_path/Frameworks",
				);
				PRODUCT_BUNDLE_IDENTIFIER = "training.project-2-Set-GameTests";
				PRODUCT_NAME = "$(TARGET_NAME)";
				SWIFT_VERSION = 4.2;
				TARGETED_DEVICE_FAMILY = "1,2";
				TEST_HOST = "$(BUILT_PRODUCTS_DIR)/SetGame.app/SetGame";
			};
			name = Release;
		};
/* End XCBuildConfiguration section */

/* Begin XCConfigurationList section */
		D33A94AB2213295D00EF1907 /* Build configuration list for PBXProject "project-2-Set-Game" */ = {
			isa = XCConfigurationList;
			buildConfigurations = (
				D33A94C32213295E00EF1907 /* Debug */,
				D33A94C42213295E00EF1907 /* Release */,
			);
			defaultConfigurationIsVisible = 0;
			defaultConfigurationName = Release;
		};
		D33A94C52213295E00EF1907 /* Build configuration list for PBXNativeTarget "SetGame" */ = {
			isa = XCConfigurationList;
			buildConfigurations = (
				D33A94C62213295E00EF1907 /* Debug */,
				D33A94C72213295E00EF1907 /* Release */,
			);
			defaultConfigurationIsVisible = 0;
			defaultConfigurationName = Release;
		};
		D3F10CE222155431001623E4 /* Build configuration list for PBXNativeTarget "project-2-Set-GameTests" */ = {
			isa = XCConfigurationList;
			buildConfigurations = (
				D3F10CE322155431001623E4 /* Debug */,
				D3F10CE422155431001623E4 /* Release */,
			);
			defaultConfigurationIsVisible = 0;
			defaultConfigurationName = Release;
		};
/* End XCConfigurationList section */
	};
	rootObject = D33A94A82213295D00EF1907 /* Project object */;
}
